
Microsoft Visual Studio Solution File, Format Version 12.00
# Visual Studio Version 16
VisualStudioVersion = 16.0.33529.622
MinimumVisualStudioVersion = 10.0.40219.1
Project("{FAE04EC0-301F-11D3-BF4B-00C04F79EFBC}") = "Tel.Bot2.0", "Tel.Bot2.0.csproj", "{80F4DB99-9135-4ABF-90FB-0D586A40381B}"
EndProject
Global
	GlobalSection(SolutionConfigurationPlatforms) = preSolution
		Debug|Any CPU = Debug|Any CPU
		Release|Any CPU = Release|Any CPU
	EndGlobalSection
	GlobalSection(ProjectConfigurationPlatforms) = postSolution
		{80F4DB99-9135-4ABF-90FB-0D586A40381B}.Debug|Any CPU.ActiveCfg = Debug|Any CPU
		{80F4DB99-9135-4ABF-90FB-0D586A40381B}.Debug|Any CPU.Build.0 = Debug|Any CPU
		{80F4DB99-9135-4ABF-90FB-0D586A40381B}.Release|Any CPU.ActiveCfg = Release|Any CPU
		{80F4DB99-9135-4ABF-90FB-0D586A40381B}.Release|Any CPU.Build.0 = Release|Any CPU
	EndGlobalSection
	GlobalSection(SolutionProperties) = preSolution
		HideSolutionNode = FALSE
	EndGlobalSection
	GlobalSection(ExtensibilityGlobals) = postSolution
		SolutionGuid = {22DFEB98-4970-44FE-8637-F8C5D8F186A4}
	EndGlobalSection
EndGlobal
